// !$*UTF8*$!
{
	archiveVersion = 1;
	classes = {
	};
	objectVersion = 50;
	objects = {

/* Begin PBXBuildFile section */
		3CCB133428341CD0002E7F0D /* Pathogen.png in Resources */ = {isa = PBXBuildFile; fileRef = 3CCB133328341CD0002E7F0D /* Pathogen.png */; };
		3CCB133728341CE2002E7F0D /* Predator Cell.png in Resources */ = {isa = PBXBuildFile; fileRef = 3CCB133628341CE2002E7F0D /* Predator Cell.png */; };
		3CCB133A28341CEB002E7F0D /* Red Cell.png in Resources */ = {isa = PBXBuildFile; fileRef = 3CCB133928341CEB002E7F0D /* Red Cell.png */; };
		3CCB133D28341CF4002E7F0D /* White Cell.png in Resources */ = {isa = PBXBuildFile; fileRef = 3CCB133C28341CF4002E7F0D /* White Cell.png */; };
		427B71C3264145A200128855 /* AppDelegate.swift in Sources */ = {isa = PBXBuildFile; fileRef = 427B71C2264145A200128855 /* AppDelegate.swift */; };
		427B71C5264145A200128855 /* SceneDelegate.swift in Sources */ = {isa = PBXBuildFile; fileRef = 427B71C4264145A200128855 /* SceneDelegate.swift */; };
		427B71C7264145A200128855 /* ViewController.swift in Sources */ = {isa = PBXBuildFile; fileRef = 427B71C6264145A200128855 /* ViewController.swift */; };
		427B71CA264145A200128855 /* Main.storyboard in Resources */ = {isa = PBXBuildFile; fileRef = 427B71C8264145A200128855 /* Main.storyboard */; };
		427B71CC264145A400128855 /* Assets.xcassets in Resources */ = {isa = PBXBuildFile; fileRef = 427B71CB264145A400128855 /* Assets.xcassets */; };
		427B71CF264145A400128855 /* LaunchScreen.storyboard in Resources */ = {isa = PBXBuildFile; fileRef = 427B71CD264145A400128855 /* LaunchScreen.storyboard */; };
		4282B4C3264ABBE20003196B /* LeaderBoardViewController.swift in Sources */ = {isa = PBXBuildFile; fileRef = 4282B4C2264ABBE20003196B /* LeaderBoardViewController.swift */; };
		4282B4C7264B30520003196B /* GameData.swift in Sources */ = {isa = PBXBuildFile; fileRef = 4282B4C6264B30520003196B /* GameData.swift */; };
		4282B4CA264B366A0003196B /* InstructionsViewController.swift in Sources */ = {isa = PBXBuildFile; fileRef = 4282B4C9264B366A0003196B /* InstructionsViewController.swift */; };
		4294FC26264C09FD007D1FF4 /* Game Audio.mpeg in Resources */ = {isa = PBXBuildFile; fileRef = 4294FC25264C09FD007D1FF4 /* Game Audio.mpeg */; };
		42B759162643E92900D6A05E /* GameViewController.swift in Sources */ = {isa = PBXBuildFile; fileRef = 42B759152643E92900D6A05E /* GameViewController.swift */; };
		42B7591A2643EA5600D6A05E /* GameScene.swift in Sources */ = {isa = PBXBuildFile; fileRef = 42B759192643EA5600D6A05E /* GameScene.swift */; };
		42D7F942264321C100304DDF /* Predator Cell.jpeg in Resources */ = {isa = PBXBuildFile; fileRef = 42D7F93E264321C100304DDF /* Predator Cell.jpeg */; };
		42D7F943264321C100304DDF /* Pathogen.jpeg in Resources */ = {isa = PBXBuildFile; fileRef = 42D7F93F264321C100304DDF /* Pathogen.jpeg */; };
		42D7F944264321C100304DDF /* Red Cell.jpeg in Resources */ = {isa = PBXBuildFile; fileRef = 42D7F940264321C100304DDF /* Red Cell.jpeg */; };
		42D7F945264321C100304DDF /* White Cell.jpeg in Resources */ = {isa = PBXBuildFile; fileRef = 42D7F941264321C100304DDF /* White Cell.jpeg */; };
		42F244672649D051009A9F43 /* PlayerModel.swift in Sources */ = {isa = PBXBuildFile; fileRef = 42F244662649D051009A9F43 /* PlayerModel.swift */; };
/* End PBXBuildFile section */

/* Begin PBXFileReference section */
		3CCB133328341CD0002E7F0D /* Pathogen.png */ = {isa = PBXFileReference; lastKnownFileType = image.png; path = Pathogen.png; sourceTree = "<group>"; };
		3CCB133628341CE2002E7F0D /* Predator Cell.png */ = {isa = PBXFileReference; lastKnownFileType = image.png; path = "Predator Cell.png"; sourceTree = "<group>"; };
		3CCB133928341CEB002E7F0D /* Red Cell.png */ = {isa = PBXFileReference; lastKnownFileType = image.png; path = "Red Cell.png"; sourceTree = "<group>"; };
		3CCB133C28341CF4002E7F0D /* White Cell.png */ = {isa = PBXFileReference; lastKnownFileType = image.png; path = "White Cell.png"; sourceTree = "<group>"; };
		427B71BF264145A200128855 /* Debug-iphonesimulator */ = {isa = PBXFileReference; explicitFileType = wrapper.application; includeInIndex = 0; name = "Debug-iphonesimulator"; path = gameassignment.app; sourceTree = BUILT_PRODUCTS_DIR; };
		427B71C2264145A200128855 /* AppDelegate.swift */ = {isa = PBXFileReference; lastKnownFileType = sourcecode.swift; path = AppDelegate.swift; sourceTree = "<group>"; };
		427B71C4264145A200128855 /* SceneDelegate.swift */ = {isa = PBXFileReference; lastKnownFileType = sourcecode.swift; path = SceneDelegate.swift; sourceTree = "<group>"; };
		427B71C6264145A200128855 /* ViewController.swift */ = {isa = PBXFileReference; lastKnownFileType = sourcecode.swift; path = ViewController.swift; sourceTree = "<group>"; };
		427B71C9264145A200128855 /* Base */ = {isa = PBXFileReference; lastKnownFileType = file.storyboard; name = Base; path = Base.lproj/Main.storyboard; sourceTree = "<group>"; };
		427B71CB264145A400128855 /* Assets.xcassets */ = {isa = PBXFileReference; lastKnownFileType = folder.assetcatalog; path = Assets.xcassets; sourceTree = "<group>"; };
		427B71CE264145A400128855 /* Base */ = {isa = PBXFileReference; lastKnownFileType = file.storyboard; name = Base; path = Base.lproj/LaunchScreen.storyboard; sourceTree = "<group>"; };
		427B71D0264145A400128855 /* Info.plist */ = {isa = PBXFileReference; lastKnownFileType = text.plist.xml; path = Info.plist; sourceTree = "<group>"; };
		4282B4C2264ABBE20003196B /* LeaderBoardViewController.swift */ = {isa = PBXFileReference; lastKnownFileType = sourcecode.swift; path = LeaderBoardViewController.swift; sourceTree = "<group>"; };
		4282B4C6264B30520003196B /* GameData.swift */ = {isa = PBXFileReference; lastKnownFileType = sourcecode.swift; path = GameData.swift; sourceTree = "<group>"; };
		4282B4C9264B366A0003196B /* InstructionsViewController.swift */ = {isa = PBXFileReference; lastKnownFileType = sourcecode.swift; path = InstructionsViewController.swift; sourceTree = "<group>"; };
		4294FC25264C09FD007D1FF4 /* Game Audio.mpeg */ = {isa = PBXFileReference; lastKnownFileType = video.mpeg; path = "Game Audio.mpeg"; sourceTree = "<group>"; };
		42B759152643E92900D6A05E /* GameViewController.swift */ = {isa = PBXFileReference; lastKnownFileType = sourcecode.swift; path = GameViewController.swift; sourceTree = "<group>"; };
		42B759192643EA5600D6A05E /* GameScene.swift */ = {isa = PBXFileReference; lastKnownFileType = sourcecode.swift; path = GameScene.swift; sourceTree = "<group>"; };
		42D7F93E264321C100304DDF /* Predator Cell.jpeg */ = {isa = PBXFileReference; lastKnownFileType = image.jpeg; path = "Predator Cell.jpeg"; sourceTree = "<group>"; };
		42D7F93F264321C100304DDF /* Pathogen.jpeg */ = {isa = PBXFileReference; lastKnownFileType = image.jpeg; path = Pathogen.jpeg; sourceTree = "<group>"; };
		42D7F940264321C100304DDF /* Red Cell.jpeg */ = {isa = PBXFileReference; lastKnownFileType = image.jpeg; path = "Red Cell.jpeg"; sourceTree = "<group>"; };
		42D7F941264321C100304DDF /* White Cell.jpeg */ = {isa = PBXFileReference; lastKnownFileType = image.jpeg; path = "White Cell.jpeg"; sourceTree = "<group>"; };
		42F244662649D051009A9F43 /* PlayerModel.swift */ = {isa = PBXFileReference; lastKnownFileType = sourcecode.swift; path = PlayerModel.swift; sourceTree = "<group>"; };
/* End PBXFileReference section */

/* Begin PBXFrameworksBuildPhase section */
		427B71BC264145A200128855 /* Frameworks */ = {
			isa = PBXFrameworksBuildPhase;
			buildActionMask = 2147483647;
			files = (
			);
			runOnlyForDeploymentPostprocessing = 0;
		};
/* End PBXFrameworksBuildPhase section */

/* Begin PBXGroup section */
		427B71B6264145A200128855 = {
			isa = PBXGroup;
			children = (
				42D7F93D2642ED4600304DDF /* Resources */,
				427B71C1264145A200128855 /* gameassignment */,
				427B71C0264145A200128855 /* Products */,
			);
			sourceTree = "<group>";
		};
		427B71C0264145A200128855 /* Products */ = {
			isa = PBXGroup;
			children = (
				427B71BF264145A200128855 /* Debug-iphonesimulator */,
			);
			name = Products;
			sourceTree = "<group>";
		};
		427B71C1264145A200128855 /* gameassignment */ = {
			isa = PBXGroup;
			children = (
				427B71C2264145A200128855 /* AppDelegate.swift */,
				427B71C4264145A200128855 /* SceneDelegate.swift */,
				427B71C6264145A200128855 /* ViewController.swift */,
				427B71C8264145A200128855 /* Main.storyboard */,
				427B71CB264145A400128855 /* Assets.xcassets */,
				427B71CD264145A400128855 /* LaunchScreen.storyboard */,
				427B71D0264145A400128855 /* Info.plist */,
				42B759152643E92900D6A05E /* GameViewController.swift */,
				42B759192643EA5600D6A05E /* GameScene.swift */,
				42F244662649D051009A9F43 /* PlayerModel.swift */,
				4282B4C2264ABBE20003196B /* LeaderBoardViewController.swift */,
				4282B4C6264B30520003196B /* GameData.swift */,
				4282B4C9264B366A0003196B /* InstructionsViewController.swift */,
			);
			path = gameassignment;
			sourceTree = "<group>";
		};
		42D7F93D2642ED4600304DDF /* Resources */ = {
			isa = PBXGroup;
			children = (
				3CCB133C28341CF4002E7F0D /* White Cell.png */,
				3CCB133928341CEB002E7F0D /* Red Cell.png */,
				3CCB133628341CE2002E7F0D /* Predator Cell.png */,
				3CCB133328341CD0002E7F0D /* Pathogen.png */,
				4294FC25264C09FD007D1FF4 /* Game Audio.mpeg */,
				42D7F93F264321C100304DDF /* Pathogen.jpeg */,
				42D7F93E264321C100304DDF /* Predator Cell.jpeg */,
				42D7F940264321C100304DDF /* Red Cell.jpeg */,
				42D7F941264321C100304DDF /* White Cell.jpeg */,
			);
			path = Resources;
			sourceTree = "<group>";
		};
/* End PBXGroup section */

/* Begin PBXNativeTarget section */
		427B71BE264145A200128855 /* gameassignment */ = {
			isa = PBXNativeTarget;
			buildConfigurationList = 427B71D3264145A400128855 /* Build configuration list for PBXNativeTarget "gameassignment" */;
			buildPhases = (
				427B71BB264145A200128855 /* Sources */,
				427B71BC264145A200128855 /* Frameworks */,
				427B71BD264145A200128855 /* Resources */,
			);
			buildRules = (
			);
			dependencies = (
			);
			name = gameassignment;
			productName = gameassignment;
			productReference = 427B71BF264145A200128855 /* Debug-iphonesimulator */;
			productType = "com.apple.product-type.application";
		};
/* End PBXNativeTarget section */

/* Begin PBXProject section */
		427B71B7264145A200128855 /* Project object */ = {
			isa = PBXProject;
			attributes = {
				LastSwiftUpdateCheck = 1240;
				LastUpgradeCheck = 1240;
				TargetAttributes = {
					427B71BE264145A200128855 = {
						CreatedOnToolsVersion = 12.4;
					};
				};
			};
			buildConfigurationList = 427B71BA264145A200128855 /* Build configuration list for PBXProject "gameassignment" */;
			compatibilityVersion = "Xcode 9.3";
			developmentRegion = en;
			hasScannedForEncodings = 0;
			knownRegions = (
				en,
				Base,
			);
			mainGroup = 427B71B6264145A200128855;
			productRefGroup = 427B71C0264145A200128855 /* Products */;
			projectDirPath = "";
			projectRoot = "";
			targets = (
				427B71BE264145A200128855 /* gameassignment */,
			);
		};
/* End PBXProject section */

/* Begin PBXResourcesBuildPhase section */
		427B71BD264145A200128855 /* Resources */ = {
			isa = PBXResourcesBuildPhase;
			buildActionMask = 2147483647;
			files = (
				42D7F943264321C100304DDF /* Pathogen.jpeg in Resources */,
				427B71CF264145A400128855 /* LaunchScreen.storyboard in Resources */,
				3CCB133D28341CF4002E7F0D /* White Cell.png in Resources */,
				3CCB133428341CD0002E7F0D /* Pathogen.png in Resources */,
				4294FC26264C09FD007D1FF4 /* Game Audio.mpeg in Resources */,
				427B71CC264145A400128855 /* Assets.xcassets in Resources */,
				3CCB133A28341CEB002E7F0D /* Red Cell.png in Resources */,
				427B71CA264145A200128855 /* Main.storyboard in Resources */,
				42D7F944264321C100304DDF /* Red Cell.jpeg in Resources */,
				42D7F942264321C100304DDF /* Predator Cell.jpeg in Resources */,
				42D7F945264321C100304DDF /* White Cell.jpeg in Resources */,
				3CCB133728341CE2002E7F0D /* Predator Cell.png in Resources */,
			);
			runOnlyForDeploymentPostprocessing = 0;
		};
/* End PBXResourcesBuildPhase section */

/* Begin PBXSourcesBuildPhase section */
		427B71BB264145A200128855 /* Sources */ = {
			isa = PBXSourcesBuildPhase;
			buildActionMask = 2147483647;
			files = (
				4282B4C3264ABBE20003196B /* LeaderBoardViewController.swift in Sources */,
				42F244672649D051009A9F43 /* PlayerModel.swift in Sources */,
				42B7591A2643EA5600D6A05E /* GameScene.swift in Sources */,
				4282B4CA264B366A0003196B /* InstructionsViewController.swift in Sources */,
				427B71C7264145A200128855 /* ViewController.swift in Sources */,
				42B759162643E92900D6A05E /* GameViewController.swift in Sources */,
				4282B4C7264B30520003196B /* GameData.swift in Sources */,
				427B71C3264145A200128855 /* AppDelegate.swift in Sources */,
				427B71C5264145A200128855 /* SceneDelegate.swift in Sources */,
			);
			runOnlyForDeploymentPostprocessing = 0;
		};
/* End PBXSourcesBuildPhase section */

/* Begin PBXVariantGroup section */
		427B71C8264145A200128855 /* Main.storyboard */ = {
			isa = PBXVariantGroup;
			children = (
				427B71C9264145A200128855 /* Base */,
			);
			name = Main.storyboard;
			sourceTree = "<group>";
		};
		427B71CD264145A400128855 /* LaunchScreen.storyboard */ = {
			isa = PBXVariantGroup;
			children = (
				427B71CE264145A400128855 /* Base */,
			);
			name = LaunchScreen.storyboard;
			sourceTree = "<group>";
		};
/* End PBXVariantGroup section */

/* Begin XCBuildConfiguration section */
		427B71D1264145A400128855 /* Debug */ = {
			isa = XCBuildConfiguration;
			buildSettings = {
				ALWAYS_SEARCH_USER_PATHS = NO;
				CLANG_ANALYZER_NONNULL = YES;
				CLANG_ANALYZER_NUMBER_OBJECT_CONVERSION = YES_AGGRESSIVE;
				CLANG_CXX_LANGUAGE_STANDARD = "gnu++14";
				CLANG_CXX_LIBRARY = "libc++";
				CLANG_ENABLE_MODULES = YES;
				CLANG_ENABLE_OBJC_ARC = YES;
				CLANG_ENABLE_OBJC_WEAK = YES;
				CLANG_WARN_BLOCK_CAPTURE_AUTORELEASING = YES;
				CLANG_WARN_BOOL_CONVERSION = YES;
				CLANG_WARN_COMMA = YES;
				CLANG_WARN_CONSTANT_CONVERSION = YES;
				CLANG_WARN_DEPRECATED_OBJC_IMPLEMENTATIONS = YES;
				CLANG_WARN_DIRECT_OBJC_ISA_USAGE = YES_ERROR;
				CLANG_WARN_DOCUMENTATION_COMMENTS = YES;
				CLANG_WARN_EMPTY_BODY = YES;
				CLANG_WARN_ENUM_CONVERSION = YES;
				CLANG_WARN_INFINITE_RECURSION = YES;
				CLANG_WARN_INT_CONVERSION = YES;
				CLANG_WARN_NON_LITERAL_NULL_CONVERSION = YES;
				CLANG_WARN_OBJC_IMPLICIT_RETAIN_SELF = YES;
				CLANG_WARN_OBJC_LITERAL_CONVERSION = YES;
				CLANG_WARN_OBJC_ROOT_CLASS = YES_ERROR;
				CLANG_WARN_QUOTED_INCLUDE_IN_FRAMEWORK_HEADER = YES;
				CLANG_WARN_RANGE_LOOP_ANALYSIS = YES;
				CLANG_WARN_STRICT_PROTOTYPES = YES;
				CLANG_WARN_SUSPICIOUS_MOVE = YES;
				CLANG_WARN_UNGUARDED_AVAILABILITY = YES_AGGRESSIVE;
				CLANG_WARN_UNREACHABLE_CODE = YES;
				CLANG_WARN__DUPLICATE_METHOD_MATCH = YES;
				COPY_PHASE_STRIP = NO;
				DEBUG_INFORMATION_FORMAT = dwarf;
				ENABLE_STRICT_OBJC_MSGSEND = YES;
				ENABLE_TESTABILITY = YES;
				GCC_C_LANGUAGE_STANDARD = gnu11;
				GCC_DYNAMIC_NO_PIC = NO;
				GCC_NO_COMMON_BLOCKS = YES;
				GCC_OPTIMIZATION_LEVEL = 0;
				GCC_PREPROCESSOR_DEFINITIONS = (
					"DEBUG=1",
					"$(inherited)",
				);
				GCC_WARN_64_TO_32_BIT_CONVERSION = YES;
				GCC_WARN_ABOUT_RETURN_TYPE = YES_ERROR;
				GCC_WARN_UNDECLARED_SELECTOR = YES;
				GCC_WARN_UNINITIALIZED_AUTOS = YES_AGGRESSIVE;
				GCC_WARN_UNUSED_FUNCTION = YES;
				GCC_WARN_UNUSED_VARIABLE = YES;
				IPHONEOS_DEPLOYMENT_TARGET = 14.4;
				MTL_ENABLE_DEBUG_INFO = INCLUDE_SOURCE;
				MTL_FAST_MATH = YES;
				ONLY_ACTIVE_ARCH = YES;
				SDKROOT = iphoneos;
				SWIFT_ACTIVE_COMPILATION_CONDITIONS = DEBUG;
				SWIFT_OPTIMIZATION_LEVEL = "-Onone";
			};
			name = Debug;
		};
		427B71D2264145A400128855 /* Release */ = {
			isa = XCBuildConfiguration;
			buildSettings = {
				ALWAYS_SEARCH_USER_PATHS = NO;
				CLANG_ANALYZER_NONNULL = YES;
				CLANG_ANALYZER_NUMBER_OBJECT_CONVERSION = YES_AGGRESSIVE;
				CLANG_CXX_LANGUAGE_STANDARD = "gnu++14";
				CLANG_CXX_LIBRARY = "libc++";
				CLANG_ENABLE_MODULES = YES;
				CLANG_ENABLE_OBJC_ARC = YES;
				CLANG_ENABLE_OBJC_WEAK = YES;
				CLANG_WARN_BLOCK_CAPTURE_AUTORELEASING = YES;
				CLANG_WARN_BOOL_CONVERSION = YES;
				CLANG_WARN_COMMA = YES;
				CLANG_WARN_CONSTANT_CONVERSION = YES;
				CLANG_WARN_DEPRECATED_OBJC_IMPLEMENTATIONS = YES;
				CLANG_WARN_DIRECT_OBJC_ISA_USAGE = YES_ERROR;
				CLANG_WARN_DOCUMENTATION_COMMENTS = YES;
				CLANG_WARN_EMPTY_BODY = YES;
				CLANG_WARN_ENUM_CONVERSION = YES;
				CLANG_WARN_INFINITE_RECURSION = YES;
				CLANG_WARN_INT_CONVERSION = YES;
				CLANG_WARN_NON_LITERAL_NULL_CONVERSION = YES;
				CLANG_WARN_OBJC_IMPLICIT_RETAIN_SELF = YES;
				CLANG_WARN_OBJC_LITERAL_CONVERSION = YES;
				CLANG_WARN_OBJC_ROOT_CLASS = YES_ERROR;
				CLANG_WARN_QUOTED_INCLUDE_IN_FRAMEWORK_HEADER = YES;
				CLANG_WARN_RANGE_LOOP_ANALYSIS = YES;
				CLANG_WARN_STRICT_PROTOTYPES = YES;
				CLANG_WARN_SUSPICIOUS_MOVE = YES;
				CLANG_WARN_UNGUARDED_AVAILABILITY = YES_AGGRESSIVE;
				CLANG_WARN_UNREACHABLE_CODE = YES;
				CLANG_WARN__DUPLICATE_METHOD_MATCH = YES;
				COPY_PHASE_STRIP = NO;
				DEBUG_INFORMATION_FORMAT = "dwarf-with-dsym";
				ENABLE_NS_ASSERTIONS = NO;
				ENABLE_STRICT_OBJC_MSGSEND = YES;
				GCC_C_LANGUAGE_STANDARD = gnu11;
				GCC_NO_COMMON_BLOCKS = YES;
				GCC_WARN_64_TO_32_BIT_CONVERSION = YES;
				GCC_WARN_ABOUT_RETURN_TYPE = YES_ERROR;
				GCC_WARN_UNDECLARED_SELECTOR = YES;
				GCC_WARN_UNINITIALIZED_AUTOS = YES_AGGRESSIVE;
				GCC_WARN_UNUSED_FUNCTION = YES;
				GCC_WARN_UNUSED_VARIABLE = YES;
				IPHONEOS_DEPLOYMENT_TARGET = 14.4;
				MTL_ENABLE_DEBUG_INFO = NO;
				MTL_FAST_MATH = YES;
				SDKROOT = iphoneos;
				SWIFT_COMPILATION_MODE = wholemodule;
				SWIFT_OPTIMIZATION_LEVEL = "-O";
				VALIDATE_PRODUCT = YES;
			};
			name = Release;
		};
		427B71D4264145A400128855 /* Debug */ = {
			isa = XCBuildConfiguration;
			buildSettings = {
				ASSETCATALOG_COMPILER_APPICON_NAME = AppIcon;
				ASSETCATALOG_COMPILER_GLOBAL_ACCENT_COLOR_NAME = AccentColor;
				CODE_SIGN_STYLE = Automatic;
				INFOPLIST_FILE = gameassignment/Info.plist;
				LD_RUNPATH_SEARCH_PATHS = (
					"$(inherited)",
					"@executable_path/Frameworks",
				);
				PRODUCT_BUNDLE_IDENTIFIER = salforduniversity.mobiledevelopment..gameassignment;
				PRODUCT_NAME = "$(TARGET_NAME)";
				SWIFT_VERSION = 5.0;
				TARGETED_DEVICE_FAMILY = "1,2";
			};
			name = Debug;
		};
		427B71D5264145A400128855 /* Release */ = {
			isa = XCBuildConfiguration;
			buildSettings = {
				ASSETCATALOG_COMPILER_APPICON_NAME = AppIcon;
				ASSETCATALOG_COMPILER_GLOBAL_ACCENT_COLOR_NAME = AccentColor;
				CODE_SIGN_STYLE = Automatic;
				INFOPLIST_FILE = gameassignment/Info.plist;
				LD_RUNPATH_SEARCH_PATHS = (
					"$(inherited)",
					"@executable_path/Frameworks",
				);
				PRODUCT_BUNDLE_IDENTIFIER = salforduniversity.mobiledevelopment..gameassignment;
				PRODUCT_NAME = "$(TARGET_NAME)";
				SWIFT_VERSION = 5.0;
				TARGETED_DEVICE_FAMILY = "1,2";
			};
			name = Release;
		};
/* End XCBuildConfiguration section */

/* Begin XCConfigurationList section */
		427B71BA264145A200128855 /* Build configuration list for PBXProject "gameassignment" */ = {
			isa = XCConfigurationList;
			buildConfigurations = (
				427B71D1264145A400128855 /* Debug */,
				427B71D2264145A400128855 /* Release */,
			);
			defaultConfigurationIsVisible = 0;
			defaultConfigurationName = Release;
		};
		427B71D3264145A400128855 /* Build configuration list for PBXNativeTarget "gameassignment" */ = {
			isa = XCConfigurationList;
			buildConfigurations = (
				427B71D4264145A400128855 /* Debug */,
				427B71D5264145A400128855 /* Release */,
			);
			defaultConfigurationIsVisible = 0;
			defaultConfigurationName = Release;
		};
/* End XCConfigurationList section */
	};
	rootObject = 427B71B7264145A200128855 /* Project object */;
}
